filippo.io/edwards25519 v1.2.0 h1:crnVqOiS4jqYleHd9vaKZ+HKtHfllngJIiOpNpoJsjo=
filippo.io/edwards25519 v1.2.0/go.mod h1:xzAOLCNug/yB62zG1bQ8uziwrIqIuxhctzJT18Q77mc=
github.com/go-sql-driver/mysql v1.9.3 h1:U/N249h2WzJ3Ukj8SowVFjdtZKfu9vlLZxjPXV1aweo=
github.com/go-sql-driver/mysql v1.9.3/go.mod h1:qn46aNg1333BRMNU69Lq93t8du/dwxI64Gl8i5p1WMU=
github.com/gorilla/mux v1.8.1 h1:TuBL49tXwgrFYWhqrNgrUNEY92u81SPhu7sTdzQEiWY=
github.com/gorilla/mux v1.8.1/go.mod h1:AKf9I4AEqPTmMytcMc0KkNouC66V3BtZ4qD5fmWSiMQ=
golang.org/x/build v0.0.0-20260302224836-a0fd515d2cff h1:EWQ7xiVcZmY+PF7kXeGD22YmBE1Fs2nEppTP9zHM7WE=
golang.org/x/build v0.0.0-20260302224836-a0fd515d2cff/go.mod h1:85Uveoyr6yAqomS7NTV8AX6sBYwZVJ7wojZ2H4HXDMI=
golang.org/x/net v0.50.0 h1:ucWh9eiCGyDR3vtzso0WMQinm2Dnt8cFMuQa9K33J60=
golang.org/x/net v0.50.0/go.mod h1:UgoSli3F/pBgdJBHCTc+tp3gmrU4XswgGRgtnwWTfyM=
golang.org/x/perf v0.0.0-20260209182753-b57e4e371b65 h1:rM7vQbWj4cYb36+4C/ty2ff56mvj5H8NIGvkMnO8qas=
golang.org/x/perf v0.0.0-20260209182753-b57e4e371b65/go.mod h1:Vpky7L0k/n9Z/a+/QY+RNWvbu1+XKwJtpI78D/xrw7U=
